
Microsoft Visual Studio Solution File, Format Version 12.00
# Visual Studio 2017
Project("{FAE04EC0-301F-11D3-BF4B-00C04F79EFBC}") = "harish", "harish.csproj", "{8D361E23-4025-043B-9BBB-499F35933697}"
EndProject
Project("{FAE04EC0-301F-11D3-BF4B-00C04F79EFBC}") = "harish.Editor", "harish.Editor.csproj", "{7CF59449-CC26-0A42-987D-F5FB52828F59}"
EndProject
Global
	GlobalSection(SolutionConfigurationPlatforms) = preSolution
		Debug|Any CPU = Debug|Any CPU
		Release|Any CPU = Release|Any CPU
	EndGlobalSection
	GlobalSection(ProjectConfigurationPlatforms) = postSolution
		{8D361E23-4025-043B-9BBB-499F35933697}.Debug|Any CPU.ActiveCfg = Debug|Any CPU
		{8D361E23-4025-043B-9BBB-499F35933697}.Debug|Any CPU.Build.0 = Debug|Any CPU
		{8D361E23-4025-043B-9BBB-499F35933697}.Release|Any CPU.ActiveCfg = Release|Any CPU
		{8D361E23-4025-043B-9BBB-499F35933697}.Release|Any CPU.Build.0 = Release|Any CPU
		{7CF59449-CC26-0A42-987D-F5FB52828F59}.Debug|Any CPU.ActiveCfg = Debug|Any CPU
		{7CF59449-CC26-0A42-987D-F5FB52828F59}.Debug|Any CPU.Build.0 = Debug|Any CPU
		{7CF59449-CC26-0A42-987D-F5FB52828F59}.Release|Any CPU.ActiveCfg = Release|Any CPU
		{7CF59449-CC26-0A42-987D-F5FB52828F59}.Release|Any CPU.Build.0 = Release|Any CPU
	EndGlobalSection
	GlobalSection(SolutionProperties) = preSolution
		HideSolutionNode = FALSE
	EndGlobalSection
EndGlobal
